
Microsoft Visual Studio Solution File, Format Version 12.00
# Visual Studio Version 16
VisualStudioVersion = 16.6.30114.105
MinimumVisualStudioVersion = 10.0.40219.1
Project("{2150E333-8FDC-42A3-9474-1A3956D46DE8}") = "src", "src", "{F7AB83CB-9DBD-4625-84C2-EDA5AF2C64F7}"
EndProject
Project("{FAE04EC0-301F-11D3-BF4B-00C04F79EFBC}") = "EasyRabbitMqClient.Abstractions", "src\Abstractions\EasyRabbitMqClient.Abstractions.csproj", "{74EBF463-E55A-4976-BF13-EE98DFEB9FAC}"
EndProject
Project("{FAE04EC0-301F-11D3-BF4B-00C04F79EFBC}") = "EasyRabbitMqClient.Core", "src\Core\EasyRabbitMqClient.Core.csproj", "{DD0FBFCA-BFE0-4076-A751-29E59005D158}"
EndProject
Project("{2150E333-8FDC-42A3-9474-1A3956D46DE8}") = "tests", "tests", "{8C23C5F4-5883-4878-B66B-45D98C597A2B}"
EndProject
Project("{FAE04EC0-301F-11D3-BF4B-00C04F79EFBC}") = "EasyRabbitMqClient.Core.Tests", "tests\Core\EasyRabbitMqClient.Core.Tests.csproj", "{8019E92C-06C9-480F-9486-AA7D0085903A}"
EndProject
Project("{FAE04EC0-301F-11D3-BF4B-00C04F79EFBC}") = "EasyRabbitMqClient.Publisher", "src\Publisher\EasyRabbitMqClient.Publisher.csproj", "{C88FAFD3-8670-4318-A571-24EC5128A2C5}"
EndProject
Global
	GlobalSection(SolutionConfigurationPlatforms) = preSolution
		Debug|Any CPU = Debug|Any CPU
		Debug|x64 = Debug|x64
		Debug|x86 = Debug|x86
		Release|Any CPU = Release|Any CPU
		Release|x64 = Release|x64
		Release|x86 = Release|x86
	EndGlobalSection
	GlobalSection(SolutionProperties) = preSolution
		HideSolutionNode = FALSE
	EndGlobalSection
	GlobalSection(ProjectConfigurationPlatforms) = postSolution
		{74EBF463-E55A-4976-BF13-EE98DFEB9FAC}.Debug|Any CPU.ActiveCfg = Debug|Any CPU
		{74EBF463-E55A-4976-BF13-EE98DFEB9FAC}.Debug|Any CPU.Build.0 = Debug|Any CPU
		{74EBF463-E55A-4976-BF13-EE98DFEB9FAC}.Debug|x64.ActiveCfg = Debug|Any CPU
		{74EBF463-E55A-4976-BF13-EE98DFEB9FAC}.Debug|x64.Build.0 = Debug|Any CPU
		{74EBF463-E55A-4976-BF13-EE98DFEB9FAC}.Debug|x86.ActiveCfg = Debug|Any CPU
		{74EBF463-E55A-4976-BF13-EE98DFEB9FAC}.Debug|x86.Build.0 = Debug|Any CPU
		{74EBF463-E55A-4976-BF13-EE98DFEB9FAC}.Release|Any CPU.ActiveCfg = Release|Any CPU
		{74EBF463-E55A-4976-BF13-EE98DFEB9FAC}.Release|Any CPU.Build.0 = Release|Any CPU
		{74EBF463-E55A-4976-BF13-EE98DFEB9FAC}.Release|x64.ActiveCfg = Release|Any CPU
		{74EBF463-E55A-4976-BF13-EE98DFEB9FAC}.Release|x64.Build.0 = Release|Any CPU
		{74EBF463-E55A-4976-BF13-EE98DFEB9FAC}.Release|x86.ActiveCfg = Release|Any CPU
		{74EBF463-E55A-4976-BF13-EE98DFEB9FAC}.Release|x86.Build.0 = Release|Any CPU
		{DD0FBFCA-BFE0-4076-A751-29E59005D158}.Debug|Any CPU.ActiveCfg = Debug|Any CPU
		{DD0FBFCA-BFE0-4076-A751-29E59005D158}.Debug|Any CPU.Build.0 = Debug|Any CPU
		{DD0FBFCA-BFE0-4076-A751-29E59005D158}.Debug|x64.ActiveCfg = Debug|Any CPU
		{DD0FBFCA-BFE0-4076-A751-29E59005D158}.Debug|x64.Build.0 = Debug|Any CPU
		{DD0FBFCA-BFE0-4076-A751-29E59005D158}.Debug|x86.ActiveCfg = Debug|Any CPU
		{DD0FBFCA-BFE0-4076-A751-29E59005D158}.Debug|x86.Build.0 = Debug|Any CPU
		{DD0FBFCA-BFE0-4076-A751-29E59005D158}.Release|Any CPU.ActiveCfg = Release|Any CPU
		{DD0FBFCA-BFE0-4076-A751-29E59005D158}.Release|Any CPU.Build.0 = Release|Any CPU
		{DD0FBFCA-BFE0-4076-A751-29E59005D158}.Release|x64.ActiveCfg = Release|Any CPU
		{DD0FBFCA-BFE0-4076-A751-29E59005D158}.Release|x64.Build.0 = Release|Any CPU
		{DD0FBFCA-BFE0-4076-A751-29E59005D158}.Release|x86.ActiveCfg = Release|Any CPU
		{DD0FBFCA-BFE0-4076-A751-29E59005D158}.Release|x86.Build.0 = Release|Any CPU
		{8019E92C-06C9-480F-9486-AA7D0085903A}.Debug|Any CPU.ActiveCfg = Debug|Any CPU
		{8019E92C-06C9-480F-9486-AA7D0085903A}.Debug|Any CPU.Build.0 = Debug|Any CPU
		{8019E92C-06C9-480F-9486-AA7D0085903A}.Debug|x64.ActiveCfg = Debug|Any CPU
		{8019E92C-06C9-480F-9486-AA7D0085903A}.Debug|x64.Build.0 = Debug|Any CPU
		{8019E92C-06C9-480F-9486-AA7D0085903A}.Debug|x86.ActiveCfg = Debug|Any CPU
		{8019E92C-06C9-480F-9486-AA7D0085903A}.Debug|x86.Build.0 = Debug|Any CPU
		{8019E92C-06C9-480F-9486-AA7D0085903A}.Release|Any CPU.ActiveCfg = Release|Any CPU
		{8019E92C-06C9-480F-9486-AA7D0085903A}.Release|Any CPU.Build.0 = Release|Any CPU
		{8019E92C-06C9-480F-9486-AA7D0085903A}.Release|x64.ActiveCfg = Release|Any CPU
		{8019E92C-06C9-480F-9486-AA7D0085903A}.Release|x64.Build.0 = Release|Any CPU
		{8019E92C-06C9-480F-9486-AA7D0085903A}.Release|x86.ActiveCfg = Release|Any CPU
		{8019E92C-06C9-480F-9486-AA7D0085903A}.Release|x86.Build.0 = Release|Any CPU
		{C88FAFD3-8670-4318-A571-24EC5128A2C5}.Debug|Any CPU.ActiveCfg = Debug|Any CPU
		{C88FAFD3-8670-4318-A571-24EC5128A2C5}.Debug|Any CPU.Build.0 = Debug|Any CPU
		{C88FAFD3-8670-4318-A571-24EC5128A2C5}.Debug|x64.ActiveCfg = Debug|Any CPU
		{C88FAFD3-8670-4318-A571-24EC5128A2C5}.Debug|x64.Build.0 = Debug|Any CPU
		{C88FAFD3-8670-4318-A571-24EC5128A2C5}.Debug|x86.ActiveCfg = Debug|Any CPU
		{C88FAFD3-8670-4318-A571-24EC5128A2C5}.Debug|x86.Build.0 = Debug|Any CPU
		{C88FAFD3-8670-4318-A571-24EC5128A2C5}.Release|Any CPU.ActiveCfg = Release|Any CPU
		{C88FAFD3-8670-4318-A571-24EC5128A2C5}.Release|Any CPU.Build.0 = Release|Any CPU
		{C88FAFD3-8670-4318-A571-24EC5128A2C5}.Release|x64.ActiveCfg = Release|Any CPU
		{C88FAFD3-8670-4318-A571-24EC5128A2C5}.Release|x64.Build.0 = Release|Any CPU
		{C88FAFD3-8670-4318-A571-24EC5128A2C5}.Release|x86.ActiveCfg = Release|Any CPU
		{C88FAFD3-8670-4318-A571-24EC5128A2C5}.Release|x86.Build.0 = Release|Any CPU
	EndGlobalSection
	GlobalSection(NestedProjects) = preSolution
		{74EBF463-E55A-4976-BF13-EE98DFEB9FAC} = {F7AB83CB-9DBD-4625-84C2-EDA5AF2C64F7}
		{DD0FBFCA-BFE0-4076-A751-29E59005D158} = {F7AB83CB-9DBD-4625-84C2-EDA5AF2C64F7}
		{8019E92C-06C9-480F-9486-AA7D0085903A} = {8C23C5F4-5883-4878-B66B-45D98C597A2B}
		{C88FAFD3-8670-4318-A571-24EC5128A2C5} = {F7AB83CB-9DBD-4625-84C2-EDA5AF2C64F7}
	EndGlobalSection
EndGlobal
